github.com/andreyvit/jsonfix v1.1.0 h1:GSkO7REEbgpSb3TiapGaOLJBZrgrlqacdcnYAeEKS4M=
github.com/andreyvit/jsonfix v1.1.0/go.mod h1:D+50dQUMcVE3/aO6IUkCiqYc44JrYPlJpdBGxVqiBhQ=
github.com/andreyvit/naml v1.0.1 h1:mAS/IDqDdlGUVqInGPdrXhn7n1AbbpmazogKclVwQkA=
github.com/andreyvit/naml v1.0.1/go.mod h1:7uh1wYXSNa8q+qHJOiG7QeVT5GS6UNOMXdKO1N6KzTM=
